# This file is generated by running "yarn install" inside your project.
# Manual changes might be lost - proceed with caution!

__metadata:
  version: 7
  cacheKey: 9

"@next/env@npm:13.3.4":
  version: 13.3.4
  resolution: "@next/env@npm:13.3.4"
  checksum: 2eb5a99171ed6152494621ed7d7e04f07693b58da9b126718deb6a1e9a97f3e32d042c7150e7de422cc66c83d59e8e552cab5c06e83ac9c7f0186f942b7a3d2b
  languageName: node
  linkType: hard

"@next/swc-darwin-arm64@npm:13.3.4":
  version: 13.3.4
  resolution: "@next/swc-darwin-arm64@npm:13.3.4"
  conditions: os=darwin & cpu=arm64
  languageName: node
  linkType: hard

"@next/swc-darwin-x64@npm:13.3.4":
  version: 13.3.4
  resolution: "@next/swc-darwin-x64@npm:13.3.4"
  conditions: os=darwin & cpu=x64
  languageName: node
  linkType: hard

"@next/swc-linux-arm64-gnu@npm:13.3.4":
  version: 13.3.4
  resolution: "@next/swc-linux-arm64-gnu@npm:13.3.4"
  conditions: os=linux & cpu=arm64 & libc=glibc
  languageName: node
  linkType: hard

"@next/swc-linux-arm64-musl@npm:13.3.4":
  version: 13.3.4
  resolution: "@next/swc-linux-arm64-musl@npm:13.3.4"
  conditions: os=linux & cpu=arm64 & libc=musl
  languageName: node
  linkType: hard

"@next/swc-linux-x64-gnu@npm:13.3.4":
  version: 13.3.4
  resolution: "@next/swc-linux-x64-gnu@npm:13.3.4"
  conditions: os=linux & cpu=x64 & libc=glibc
  languageName: node
  linkType: hard

"@next/swc-linux-x64-musl@npm:13.3.4":
  version: 13.3.4
  resolution: "@next/swc-linux-x64-musl@npm:13.3.4"
  conditions: os=linux & cpu=x64 & libc=musl
  languageName: node
  linkType: hard

"@next/swc-win32-arm64-msvc@npm:13.3.4":
  version: 13.3.4
  resolution: "@next/swc-win32-arm64-msvc@npm:13.3.4"
  conditions: os=win32 & cpu=arm64
  languageName: node
  linkType: hard

"@next/swc-win32-ia32-msvc@npm:13.3.4":
  version: 13.3.4
  resolution: "@next/swc-win32-ia32-msvc@npm:13.3.4"
  conditions: os=win32 & cpu=ia32
  languageName: node
  linkType: hard

"@next/swc-win32-x64-msvc@npm:13.3.4":
  version: 13.3.4
  resolution: "@next/swc-win32-x64-msvc@npm:13.3.4"
  conditions: os=win32 & cpu=x64
  languageName: node
  linkType: hard

"@swc/helpers@npm:0.5.1":
  version: 0.5.1
  resolution: "@swc/helpers@npm:0.5.1"
  dependencies:
    tslib: "npm:^2.4.0"
  checksum: ac7ad276f6afaf22e251b246f71e797e451a80ac606fa0ad978ee016fd17eddd317737004b792d8486f40ed8e9df083337309afc851d6861aa09d8f8f6d47b1f
  languageName: node
  linkType: hard

"@types/node@npm:^12.12.21":
  version: 12.20.55
  resolution: "@types/node@npm:12.20.55"
  checksum: 9b27dda0808201182f3b075fb38fff9cf5365fe906728a82d23257546ddb9899874f49606d495deb22e39338ddcb1bc381382b799181b3f1faf314c6ec8aa05f
  languageName: node
  linkType: hard

"@types/prop-types@npm:*":
  version: 15.7.5
  resolution: "@types/prop-types@npm:15.7.5"
  checksum: a6e04a01e1f632cc3fa5fffd79779f2f83a8fec1293cdf29b5a02aa4e1a1b38a124e824205a40de4e66532a0fa33c4f60337b55cec635080ea2571e55910460f
  languageName: node
  linkType: hard

"@types/react-dom@npm:^17.0.1":
  version: 17.0.20
  resolution: "@types/react-dom@npm:17.0.20"
  dependencies:
    "@types/react": "npm:^17"
  checksum: b2779fdc28c6767ffceccfe6692c1d8eb2df14f1410e85444b3bdb8618d0791f50f992621f6ee13072b2e4870d326432821630ae3862ca640b8bd4cf04e06a8c
  languageName: node
  linkType: hard

"@types/react@npm:^17, @types/react@npm:^17.0.2":
  version: 17.0.58
  resolution: "@types/react@npm:17.0.58"
  dependencies:
    "@types/prop-types": "npm:*"
    "@types/scheduler": "npm:*"
    csstype: "npm:^3.0.2"
  checksum: 82c1aec517b6202612e01d4eeadfc247648ba956248d6d2ba9eab7541695e27d656982e71cda95208491cd7e51f58613369437c92492c559c88afb31e1778154
  languageName: node
  linkType: hard

"@types/scheduler@npm:*":
  version: 0.16.3
  resolution: "@types/scheduler@npm:0.16.3"
  checksum: 2bfdbd171397a218c87e98dc49e6d747c3cf34cecdcd1df2a05759ae7d5193dead67c68f2fe1ccf52c0c72b18eab75d155f0082913ce97b2fc37e8ef02d9115e
  languageName: node
  linkType: hard

"busboy@npm:1.6.0":
  version: 1.6.0
  resolution: "busboy@npm:1.6.0"
  dependencies:
    streamsearch: "npm:^1.1.0"
  checksum: 4f9b97d97465ab8d7da3f9ee34129e4e92e473451547f3960224f209249b2546006c0bc66842932c0646c98247facf7f3341a20966114fadd234434e319411ad
  languageName: node
  linkType: hard

"caniuse-lite@npm:^1.0.30001406":
  version: 1.0.30001482
  resolution: "caniuse-lite@npm:1.0.30001482"
  checksum: 73e24665e8416248283087eebdf82684ab3974069cfaee4c70ee2ec831562b7a5e4127e7718ac133c370a018d4de78ef7fc77b4baa5e675211d4838437d1b82f
  languageName: node
  linkType: hard

"client-only@npm:0.0.1":
  version: 0.0.1
  resolution: "client-only@npm:0.0.1"
  checksum: d2117e1ff1ceaaa6c21ce705f5516fbdb197d5a10e7ebc6f698cb550cae63394da07d1a73045bc208f5608e953523ac807009cfb88a7e4c740df5da347ce722f
  languageName: node
  linkType: hard

"csstype@npm:^3.0.2":
  version: 3.1.2
  resolution: "csstype@npm:3.1.2"
  checksum: 9f4357df50023d227d535beb807ccf8e6d8ad6b639afe375898214ebde729aa275731a19d9bcbf01444a6904008cc0d47fbbefa5fa5fc59d7d40e3595d0d41ae
  languageName: node
  linkType: hard

"js-tokens@npm:^3.0.0 || ^4.0.0":
  version: 4.0.0
  resolution: "js-tokens@npm:4.0.0"
  checksum: 47d1c18dc6b9eed4baf1db3d81b36feb95b463201c82ffce0d7a4d65ede596ba97d6ac2468974199705db9ef8a3433606af41fc7bbe7cb25c1dd601785413d9b
  languageName: node
  linkType: hard

"loose-envify@npm:^1.1.0":
  version: 1.4.0
  resolution: "loose-envify@npm:1.4.0"
  dependencies:
    js-tokens: "npm:^3.0.0 || ^4.0.0"
  bin:
    loose-envify: cli.js
  checksum: 39c5fc44c6a8f7f8a92cccf174554fbb307477ef493760407920fdd4ed5f6cc1aec5b6a5ab3c3767ef79547b3e1aea09d8ca08d773232c662d910cfe473a0590
  languageName: node
  linkType: hard

"nanoid@npm:^3.3.4":
  version: 3.3.6
  resolution: "nanoid@npm:3.3.6"
  bin:
    nanoid: bin/nanoid.cjs
  checksum: c6f3fad3b9132b17f72f9ca018ff12caf5a9fd474d08881156deffe7c77cc76220e49610232e570e2a33e3aa941214c08634762390a87b1fb9816d6108aa9e64
  languageName: node
  linkType: hard

"next@npm:latest":
  version: 13.3.4
  resolution: "next@npm:13.3.4"
  dependencies:
    "@next/env": "npm:13.3.4"
    "@next/swc-darwin-arm64": "npm:13.3.4"
    "@next/swc-darwin-x64": "npm:13.3.4"
    "@next/swc-linux-arm64-gnu": "npm:13.3.4"
    "@next/swc-linux-arm64-musl": "npm:13.3.4"
    "@next/swc-linux-x64-gnu": "npm:13.3.4"
    "@next/swc-linux-x64-musl": "npm:13.3.4"
    "@next/swc-win32-arm64-msvc": "npm:13.3.4"
    "@next/swc-win32-ia32-msvc": "npm:13.3.4"
    "@next/swc-win32-x64-msvc": "npm:13.3.4"
    "@swc/helpers": "npm:0.5.1"
    busboy: "npm:1.6.0"
    caniuse-lite: "npm:^1.0.30001406"
    postcss: "npm:8.4.14"
    styled-jsx: "npm:5.1.1"
  peerDependencies:
    "@opentelemetry/api": ^1.1.0
    fibers: ">= 3.1.0"
    node-sass: ^6.0.0 || ^7.0.0
    react: ^18.2.0
    react-dom: ^18.2.0
    sass: ^1.3.0
  dependenciesMeta:
    "@next/swc-darwin-arm64":
      optional: true
    "@next/swc-darwin-x64":
      optional: true
    "@next/swc-linux-arm64-gnu":
      optional: true
    "@next/swc-linux-arm64-musl":
      optional: true
    "@next/swc-linux-x64-gnu":
      optional: true
    "@next/swc-linux-x64-musl":
      optional: true
    "@next/swc-win32-arm64-msvc":
      optional: true
    "@next/swc-win32-ia32-msvc":
      optional: true
    "@next/swc-win32-x64-msvc":
      optional: true
  peerDependenciesMeta:
    "@opentelemetry/api":
      optional: true
    fibers:
      optional: true
    node-sass:
      optional: true
    sass:
      optional: true
  bin:
    next: dist/bin/next
  checksum: 930bd7241e9709deee954868787f84777fbef9954fae0c6b9023a19a2b58a4eb329f48257ed68a71232a7a9141668ca7c621df0c1dae323ec8375d205cdf3016
  languageName: node
  linkType: hard

"picocolors@npm:^1.0.0":
  version: 1.0.0
  resolution: "picocolors@npm:1.0.0"
  checksum: 447e1f6e4953522a3947f2effa93dca66f2436a7c275327ba1a7fb526eab369fc9847d77ebcd734dc483322256f34b431e93a325e44726e4ec390c11cc7f5c87
  languageName: node
  linkType: hard

"postcss@npm:8.4.14":
  version: 8.4.14
  resolution: "postcss@npm:8.4.14"
  dependencies:
    nanoid: "npm:^3.3.4"
    picocolors: "npm:^1.0.0"
    source-map-js: "npm:^1.0.2"
  checksum: 1e1e4a4cc235674bea79da18dd3e02ea8ffcd51546c7ddf1fc7ba4de5e89154a83988bb8c1b30bd9566df56fc0077dce6e620d8f9ce6ababf60f659ffc53f72c
  languageName: node
  linkType: hard

"react-dom@npm:^18.2.0":
  version: 18.2.0
  resolution: "react-dom@npm:18.2.0"
  dependencies:
    loose-envify: "npm:^1.1.0"
    scheduler: "npm:^0.23.0"
  peerDependencies:
    react: ^18.2.0
  checksum: 7c5b915fb793d63563cec1f721e059e6ff0e2855ac116ab5cb7450b6c59398f5e25f95c960ce5cb93504cc58ab724a75a78e99282354e702a0e667d0d787d028
  languageName: node
  linkType: hard

"react@npm:^18.2.0":
  version: 18.2.0
  resolution: "react@npm:18.2.0"
  dependencies:
    loose-envify: "npm:^1.1.0"
  checksum: 8434e5782c52b3bf18a80b666348977924ee3827895fa03ec3ffb9faca90c460049f14130428dd1546bab6cf3b2c277f2c243d3c2a856501331d2e69c24b2bb9
  languageName: node
  linkType: hard

"root-workspace-0b6124@workspace:.":
  version: 0.0.0-use.local
  resolution: "root-workspace-0b6124@workspace:."
  dependencies:
    "@types/node": "npm:^12.12.21"
    "@types/react": "npm:^17.0.2"
    "@types/react-dom": "npm:^17.0.1"
    next: "npm:latest"
    react: "npm:^18.2.0"
    react-dom: "npm:^18.2.0"
    typescript: "npm:^4.8.3"
  languageName: unknown
  linkType: soft

"scheduler@npm:^0.23.0":
  version: 0.23.0
  resolution: "scheduler@npm:0.23.0"
  dependencies:
    loose-envify: "npm:^1.1.0"
  checksum: f4022b95cdc282668643da4850f55fe70c899aa956d11819f196e2ca892271bdb253613e53997852094f9351f7c72d057eea8b28d9b4bcb93bcb1c6d09985c82
  languageName: node
  linkType: hard

"source-map-js@npm:^1.0.2":
  version: 1.0.2
  resolution: "source-map-js@npm:1.0.2"
  checksum: 4496d29f371909dbc27dfb302f31cadc70b6f1591b2b433337daf923fac30e9632523e169494b40d06b53228166a577875a3610bce3412de8bb600152f748a9c
  languageName: node
  linkType: hard

"streamsearch@npm:^1.1.0":
  version: 1.1.0
  resolution: "streamsearch@npm:1.1.0"
  checksum: 8d7c4b5046cf7ff528421d6e2ee0d8335da82a34edca4c58e2022390f4f73be1c83deeb14010bf939bb71e7990bd06367ca0382b3c6df1b932ecb1b98bb50e22
  languageName: node
  linkType: hard

"styled-jsx@npm:5.1.1":
  version: 5.1.1
  resolution: "styled-jsx@npm:5.1.1"
  dependencies:
    client-only: "npm:0.0.1"
  peerDependencies:
    react: ">= 16.8.0 || 17.x.x || ^18.0.0-0"
  peerDependenciesMeta:
    "@babel/core":
      optional: true
    babel-plugin-macros:
      optional: true
  checksum: 709de74259b62aa9b9184f60fd157c5723e3a92be87eff16ca2aa20a7b4f71e680c6fedf3a5d8bc66ec79f8bde756a49d19edc47c9dbe3d98e9ae095f09a350c
  languageName: node
  linkType: hard

"tslib@npm:^2.4.0":
  version: 2.5.0
  resolution: "tslib@npm:2.5.0"
  checksum: 5a6ee935f56cd653af29de928483acbab7323f964b053e98b6b318abc69431fb0e4f660c4f4a396e2e93852510bef25eeb9f1d951d060b2d7bcc313811e5da6f
  languageName: node
  linkType: hard

"typescript@npm:^4.8.3":
  version: 4.9.5
  resolution: "typescript@npm:4.9.5"
  bin:
    tsc: bin/tsc
    tsserver: bin/tsserver
  checksum: 550217a465c00b1d7ef0e0ddc3a6a0b2ae1fd7c1b9f53cde5a1cfe56aa457c7a43fa83792c1b98b2185d2156d0467c9ad6f6600515ad4f4fc2acee54c4bd320e
  languageName: node
  linkType: hard

"typescript@patch:typescript@npm%3A^4.8.3#optional!builtin<compat/typescript>":
  version: 4.9.5
  resolution: "typescript@patch:typescript@npm%3A4.9.5#optional!builtin<compat/typescript>::version=4.9.5&hash=289587"
  bin:
    tsc: bin/tsc
    tsserver: bin/tsserver
  checksum: 0b1a831cfef3e967a806ff1d4b28cfe4d3b71d06195ae0c8ece14c6353ec20165ae9b79c18be93ecd33529690648189aef56234c88b26aadb500b81ddb902cfc
  languageName: node
  linkType: hard
