# This file is generated by running "yarn install" inside your project.
# Manual changes might be lost - proceed with caution!

__metadata:
  version: 7
  cacheKey: 9

"prettier-tutorial@workspace:.":
  version: 0.0.0-use.local
  resolution: "prettier-tutorial@workspace:."
  dependencies:
    prettier: "npm:^2"
  languageName: unknown
  linkType: soft

"prettier@npm:^2":
  version: 2.8.8
  resolution: "prettier@npm:2.8.8"
  bin:
    prettier: bin-prettier.js
  checksum: 38b0a43ea17e83f54b904f8808f7d0fd1d9705ef9627bb40017ee276cbd6f5e7d15bcf816c4467b64cfe14ef109369a981ce61fad9c6022749d041f74a672188
  languageName: node
  linkType: hard
